{
  "version": "4",
  "specifiers": {
    "npm:@google/generative-ai@*": "0.21.0"
  },
  "npm": {
    "@google/generative-ai@0.21.0": {
      "integrity": "sha512-7XhUbtnlkSEZK15kN3t+tzIMxsbKm/dSkKBFalj+20NvPKe1kBY7mR2P7vuijEn+f06z5+A8bVGKO0v39cr6Wg=="
    }
  },
  "remote": {
    "https://deno.land/x/dotenv@v3.2.0/load.ts": "cbd76a0aee01aad8d09222afaa1dd04b84d9d3e44637503b01bf77a91df9e041",
    "https://deno.land/x/dotenv@v3.2.0/mod.ts": "077b48773de9205266a0b44c3c3a3c3083449ed64bb0b6cc461b95720678d38e",
    "https://deno.land/x/dotenv@v3.2.0/util.ts": "693730877b13f8ead2b79b2aa31e2a0652862f7dc0c5f6d2f313f4d39c7b7670"
  }
}
